
Microsoft Visual Studio Solution File, Format Version 12.00
# Visual Studio Version 16
VisualStudioVersion = 16.0.31515.178
MinimumVisualStudioVersion = 10.0.40219.1
Project("{FAE04EC0-301F-11D3-BF4B-00C04F79EFBC}") = "CentroBank", "CentroBank\CentroBank.csproj", "{69208B5E-2F86-4B4C-B1A2-A331CDCD5DBA}"
EndProject
Global
	GlobalSection(SolutionConfigurationPlatforms) = preSolution
		Debug|Any CPU = Debug|Any CPU
		Release|Any CPU = Release|Any CPU
	EndGlobalSection
	GlobalSection(ProjectConfigurationPlatforms) = postSolution
		{69208B5E-2F86-4B4C-B1A2-A331CDCD5DBA}.Debug|Any CPU.ActiveCfg = Debug|Any CPU
		{69208B5E-2F86-4B4C-B1A2-A331CDCD5DBA}.Debug|Any CPU.Build.0 = Debug|Any CPU
		{69208B5E-2F86-4B4C-B1A2-A331CDCD5DBA}.Release|Any CPU.ActiveCfg = Release|Any CPU
		{69208B5E-2F86-4B4C-B1A2-A331CDCD5DBA}.Release|Any CPU.Build.0 = Release|Any CPU
	EndGlobalSection
	GlobalSection(SolutionProperties) = preSolution
		HideSolutionNode = FALSE
	EndGlobalSection
	GlobalSection(ExtensibilityGlobals) = postSolution
		SolutionGuid = {B30C94AE-185F-4294-BF96-7940C94B803B}
	EndGlobalSection
EndGlobal
