
Microsoft Visual Studio Solution File, Format Version 12.00
# Visual Studio Version 16
VisualStudioVersion = 16.0.31112.23
MinimumVisualStudioVersion = 10.0.40219.1
Project("{FAE04EC0-301F-11D3-BF4B-00C04F79EFBC}") = "ProyectoBank", "ProyectoBank\ProyectoBank.csproj", "{5403F3CA-7A82-4F22-A77E-E07C80EFCB71}"
EndProject
Project("{FAE04EC0-301F-11D3-BF4B-00C04F79EFBC}") = "CapaNegocios", "CapaNegocios\CapaNegocios.csproj", "{BE2B9CBB-4B1C-4B65-84D8-5646FA345642}"
EndProject
Project("{FAE04EC0-301F-11D3-BF4B-00C04F79EFBC}") = "CapaDatos", "CapaDatos\CapaDatos.csproj", "{332241BC-B1FD-400F-9CE6-12C3212B61B6}"
EndProject
Project("{FAE04EC0-301F-11D3-BF4B-00C04F79EFBC}") = "ApiConsumo", "ApiConsumo\ApiConsumo.csproj", "{1ED011FC-A97E-4DC2-A4AB-5B7C43BF100B}"
EndProject
Global
	GlobalSection(SolutionConfigurationPlatforms) = preSolution
		Debug|Any CPU = Debug|Any CPU
		Release|Any CPU = Release|Any CPU
	EndGlobalSection
	GlobalSection(ProjectConfigurationPlatforms) = postSolution
		{5403F3CA-7A82-4F22-A77E-E07C80EFCB71}.Debug|Any CPU.ActiveCfg = Debug|Any CPU
		{5403F3CA-7A82-4F22-A77E-E07C80EFCB71}.Debug|Any CPU.Build.0 = Debug|Any CPU
		{5403F3CA-7A82-4F22-A77E-E07C80EFCB71}.Release|Any CPU.ActiveCfg = Release|Any CPU
		{5403F3CA-7A82-4F22-A77E-E07C80EFCB71}.Release|Any CPU.Build.0 = Release|Any CPU
		{BE2B9CBB-4B1C-4B65-84D8-5646FA345642}.Debug|Any CPU.ActiveCfg = Debug|Any CPU
		{BE2B9CBB-4B1C-4B65-84D8-5646FA345642}.Debug|Any CPU.Build.0 = Debug|Any CPU
		{BE2B9CBB-4B1C-4B65-84D8-5646FA345642}.Release|Any CPU.ActiveCfg = Release|Any CPU
		{BE2B9CBB-4B1C-4B65-84D8-5646FA345642}.Release|Any CPU.Build.0 = Release|Any CPU
		{332241BC-B1FD-400F-9CE6-12C3212B61B6}.Debug|Any CPU.ActiveCfg = Debug|Any CPU
		{332241BC-B1FD-400F-9CE6-12C3212B61B6}.Debug|Any CPU.Build.0 = Debug|Any CPU
		{332241BC-B1FD-400F-9CE6-12C3212B61B6}.Release|Any CPU.ActiveCfg = Release|Any CPU
		{332241BC-B1FD-400F-9CE6-12C3212B61B6}.Release|Any CPU.Build.0 = Release|Any CPU
		{1ED011FC-A97E-4DC2-A4AB-5B7C43BF100B}.Debug|Any CPU.ActiveCfg = Debug|Any CPU
		{1ED011FC-A97E-4DC2-A4AB-5B7C43BF100B}.Debug|Any CPU.Build.0 = Debug|Any CPU
		{1ED011FC-A97E-4DC2-A4AB-5B7C43BF100B}.Release|Any CPU.ActiveCfg = Release|Any CPU
		{1ED011FC-A97E-4DC2-A4AB-5B7C43BF100B}.Release|Any CPU.Build.0 = Release|Any CPU
	EndGlobalSection
	GlobalSection(SolutionProperties) = preSolution
		HideSolutionNode = FALSE
	EndGlobalSection
	GlobalSection(ExtensibilityGlobals) = postSolution
		SolutionGuid = {4E00528C-A2B0-4C9A-98E3-EA5A46F8243F}
	EndGlobalSection
EndGlobal
